
Microsoft Visual Studio Solution File, Format Version 12.00
# Visual Studio Version 17
VisualStudioVersion = 17.6.33815.320
MinimumVisualStudioVersion = 10.0.40219.1
Project("{8BC9CEB8-8B4A-11D0-8D11-00A0C91BC942}") = "用自定义的智能指针类来管理自定义的String类", "用自定义的智能指针类来管理自定义的String类.vcxproj", "{37C97096-80A4-4F29-99DF-2AF5106D302A}"
EndProject
Global
	GlobalSection(SolutionConfigurationPlatforms) = preSolution
		Debug|x64 = Debug|x64
		Debug|x86 = Debug|x86
		Release|x64 = Release|x64
		Release|x86 = Release|x86
	EndGlobalSection
	GlobalSection(ProjectConfigurationPlatforms) = postSolution
		{37C97096-80A4-4F29-99DF-2AF5106D302A}.Debug|x64.ActiveCfg = Debug|x64
		{37C97096-80A4-4F29-99DF-2AF5106D302A}.Debug|x64.Build.0 = Debug|x64
		{37C97096-80A4-4F29-99DF-2AF5106D302A}.Debug|x86.ActiveCfg = Debug|Win32
		{37C97096-80A4-4F29-99DF-2AF5106D302A}.Debug|x86.Build.0 = Debug|Win32
		{37C97096-80A4-4F29-99DF-2AF5106D302A}.Release|x64.ActiveCfg = Release|x64
		{37C97096-80A4-4F29-99DF-2AF5106D302A}.Release|x64.Build.0 = Release|x64
		{37C97096-80A4-4F29-99DF-2AF5106D302A}.Release|x86.ActiveCfg = Release|Win32
		{37C97096-80A4-4F29-99DF-2AF5106D302A}.Release|x86.Build.0 = Release|Win32
	EndGlobalSection
	GlobalSection(SolutionProperties) = preSolution
		HideSolutionNode = FALSE
	EndGlobalSection
	GlobalSection(ExtensibilityGlobals) = postSolution
		SolutionGuid = {B3C3CF48-F194-4588-BCE4-7672911EA675}
	EndGlobalSection
EndGlobal
